// !$*UTF8*$!
{
	archiveVersion = 1;
	classes = {
	};
	objectVersion = 46;
	objects = {

/* Begin PBXBuildFile section */
		7C9B0819188DB1D3001F3A4F /* Foundation.framework in Frameworks */ = {isa = PBXBuildFile; fileRef = 7C9B0818188DB1D3001F3A4F /* Foundation.framework */; };
		7C9B081B188DB1D3001F3A4F /* CoreGraphics.framework in Frameworks */ = {isa = PBXBuildFile; fileRef = 7C9B081A188DB1D3001F3A4F /* CoreGraphics.framework */; };
		7C9B081D188DB1D3001F3A4F /* UIKit.framework in Frameworks */ = {isa = PBXBuildFile; fileRef = 7C9B081C188DB1D3001F3A4F /* UIKit.framework */; };
		7C9B0823188DB1D3001F3A4F /* InfoPlist.strings in Resources */ = {isa = PBXBuildFile; fileRef = 7C9B0821188DB1D3001F3A4F /* InfoPlist.strings */; };
		7C9B0825188DB1D3001F3A4F /* main.m in Sources */ = {isa = PBXBuildFile; fileRef = 7C9B0824188DB1D3001F3A4F /* main.m */; };
		7C9B0829188DB1D3001F3A4F /* AppDelegate.m in Sources */ = {isa = PBXBuildFile; fileRef = 7C9B0828188DB1D3001F3A4F /* AppDelegate.m */; };
		7C9B082C188DB1D3001F3A4F /* Main.storyboard in Resources */ = {isa = PBXBuildFile; fileRef = 7C9B082A188DB1D3001F3A4F /* Main.storyboard */; };
		7C9B082F188DB1D3001F3A4F /* ViewController.m in Sources */ = {isa = PBXBuildFile; fileRef = 7C9B082E188DB1D3001F3A4F /* ViewController.m */; };
		7C9B0831188DB1D4001F3A4F /* Images.xcassets in Resources */ = {isa = PBXBuildFile; fileRef = 7C9B0830188DB1D4001F3A4F /* Images.xcassets */; };
		7C9B0838188DB1D4001F3A4F /* XCTest.framework in Frameworks */ = {isa = PBXBuildFile; fileRef = 7C9B0837188DB1D4001F3A4F /* XCTest.framework */; };
		7C9B0839188DB1D4001F3A4F /* Foundation.framework in Frameworks */ = {isa = PBXBuildFile; fileRef = 7C9B0818188DB1D3001F3A4F /* Foundation.framework */; };
		7C9B083A188DB1D4001F3A4F /* UIKit.framework in Frameworks */ = {isa = PBXBuildFile; fileRef = 7C9B081C188DB1D3001F3A4F /* UIKit.framework */; };
		7C9B0842188DB1D4001F3A4F /* InfoPlist.strings in Resources */ = {isa = PBXBuildFile; fileRef = 7C9B0840188DB1D4001F3A4F /* InfoPlist.strings */; };
		7C9B0844188DB1D4001F3A4F /* MeetMeUpTests.m in Sources */ = {isa = PBXBuildFile; fileRef = 7C9B0843188DB1D4001F3A4F /* MeetMeUpTests.m */; };
		7C9B084F188DD001001F3A4F /* DetailViewController.m in Sources */ = {isa = PBXBuildFile; fileRef = 7C9B084E188DD001001F3A4F /* DetailViewController.m */; };
		7C9B0852188DDCAC001F3A4F /* WebViewController.m in Sources */ = {isa = PBXBuildFile; fileRef = 7C9B0851188DDCAC001F3A4F /* WebViewController.m */; };
/* End PBXBuildFile section */

/* Begin PBXContainerItemProxy section */
		7C9B083B188DB1D4001F3A4F /* PBXContainerItemProxy */ = {
			isa = PBXContainerItemProxy;
			containerPortal = 7C9B080D188DB1D3001F3A4F /* Project object */;
			proxyType = 1;
			remoteGlobalIDString = 7C9B0814188DB1D3001F3A4F;
			remoteInfo = MeetMeUp;
		};
/* End PBXContainerItemProxy section */

/* Begin PBXFileReference section */
		7C9B0815188DB1D3001F3A4F /* MeetMeUp.app */ = {isa = PBXFileReference; explicitFileType = wrapper.application; includeInIndex = 0; path = MeetMeUp.app; sourceTree = BUILT_PRODUCTS_DIR; };
		7C9B0818188DB1D3001F3A4F /* Foundation.framework */ = {isa = PBXFileReference; lastKnownFileType = wrapper.framework; name = Foundation.framework; path = System/Library/Frameworks/Foundation.framework; sourceTree = SDKROOT; };
		7C9B081A188DB1D3001F3A4F /* CoreGraphics.framework */ = {isa = PBXFileReference; lastKnownFileType = wrapper.framework; name = CoreGraphics.framework; path = System/Library/Frameworks/CoreGraphics.framework; sourceTree = SDKROOT; };
		7C9B081C188DB1D3001F3A4F /* UIKit.framework */ = {isa = PBXFileReference; lastKnownFileType = wrapper.framework; name = UIKit.framework; path = System/Library/Frameworks/UIKit.framework; sourceTree = SDKROOT; };
		7C9B0820188DB1D3001F3A4F /* MeetMeUp-Info.plist */ = {isa = PBXFileReference; lastKnownFileType = text.plist.xml; path = "MeetMeUp-Info.plist"; sourceTree = "<group>"; };
		7C9B0822188DB1D3001F3A4F /* en */ = {isa = PBXFileReference; lastKnownFileType = text.plist.strings; name = en; path = en.lproj/InfoPlist.strings; sourceTree = "<group>"; };
		7C9B0824188DB1D3001F3A4F /* main.m */ = {isa = PBXFileReference; lastKnownFileType = sourcecode.c.objc; path = main.m; sourceTree = "<group>"; };
		7C9B0826188DB1D3001F3A4F /* MeetMeUp-Prefix.pch */ = {isa = PBXFileReference; lastKnownFileType = sourcecode.c.h; path = "MeetMeUp-Prefix.pch"; sourceTree = "<group>"; };
		7C9B0827188DB1D3001F3A4F /* AppDelegate.h */ = {isa = PBXFileReference; lastKnownFileType = sourcecode.c.h; path = AppDelegate.h; sourceTree = "<group>"; };
		7C9B0828188DB1D3001F3A4F /* AppDelegate.m */ = {isa = PBXFileReference; lastKnownFileType = sourcecode.c.objc; path = AppDelegate.m; sourceTree = "<group>"; };
		7C9B082B188DB1D3001F3A4F /* Base */ = {isa = PBXFileReference; lastKnownFileType = file.storyboard; name = Base; path = Base.lproj/Main.storyboard; sourceTree = "<group>"; };
		7C9B082D188DB1D3001F3A4F /* ViewController.h */ = {isa = PBXFileReference; lastKnownFileType = sourcecode.c.h; path = ViewController.h; sourceTree = "<group>"; };
		7C9B082E188DB1D3001F3A4F /* ViewController.m */ = {isa = PBXFileReference; lastKnownFileType = sourcecode.c.objc; path = ViewController.m; sourceTree = "<group>"; };
		7C9B0830188DB1D4001F3A4F /* Images.xcassets */ = {isa = PBXFileReference; lastKnownFileType = folder.assetcatalog; path = Images.xcassets; sourceTree = "<group>"; };
		7C9B0836188DB1D4001F3A4F /* MeetMeUpTests.xctest */ = {isa = PBXFileReference; explicitFileType = wrapper.cfbundle; includeInIndex = 0; path = MeetMeUpTests.xctest; sourceTree = BUILT_PRODUCTS_DIR; };
		7C9B0837188DB1D4001F3A4F /* XCTest.framework */ = {isa = PBXFileReference; lastKnownFileType = wrapper.framework; name = XCTest.framework; path = Library/Frameworks/XCTest.framework; sourceTree = DEVELOPER_DIR; };
		7C9B083F188DB1D4001F3A4F /* MeetMeUpTests-Info.plist */ = {isa = PBXFileReference; lastKnownFileType = text.plist.xml; path = "MeetMeUpTests-Info.plist"; sourceTree = "<group>"; };
		7C9B0841188DB1D4001F3A4F /* en */ = {isa = PBXFileReference; lastKnownFileType = text.plist.strings; name = en; path = en.lproj/InfoPlist.strings; sourceTree = "<group>"; };
		7C9B0843188DB1D4001F3A4F /* MeetMeUpTests.m */ = {isa = PBXFileReference; lastKnownFileType = sourcecode.c.objc; path = MeetMeUpTests.m; sourceTree = "<group>"; };
		7C9B084D188DD001001F3A4F /* DetailViewController.h */ = {isa = PBXFileReference; fileEncoding = 4; lastKnownFileType = sourcecode.c.h; name = DetailViewController.h; path = ../DetailViewController.h; sourceTree = "<group>"; };
		7C9B084E188DD001001F3A4F /* DetailViewController.m */ = {isa = PBXFileReference; fileEncoding = 4; lastKnownFileType = sourcecode.c.objc; name = DetailViewController.m; path = ../DetailViewController.m; sourceTree = "<group>"; };
		7C9B0850188DDCAC001F3A4F /* WebViewController.h */ = {isa = PBXFileReference; fileEncoding = 4; lastKnownFileType = sourcecode.c.h; path = WebViewController.h; sourceTree = "<group>"; };
		7C9B0851188DDCAC001F3A4F /* WebViewController.m */ = {isa = PBXFileReference; fileEncoding = 4; lastKnownFileType = sourcecode.c.objc; path = WebViewController.m; sourceTree = "<group>"; };
/* End PBXFileReference section */

/* Begin PBXFrameworksBuildPhase section */
		7C9B0812188DB1D3001F3A4F /* Frameworks */ = {
			isa = PBXFrameworksBuildPhase;
			buildActionMask = 2147483647;
			files = (
				7C9B081B188DB1D3001F3A4F /* CoreGraphics.framework in Frameworks */,
				7C9B081D188DB1D3001F3A4F /* UIKit.framework in Frameworks */,
				7C9B0819188DB1D3001F3A4F /* Foundation.framework in Frameworks */,
			);
			runOnlyForDeploymentPostprocessing = 0;
		};
		7C9B0833188DB1D4001F3A4F /* Frameworks */ = {
			isa = PBXFrameworksBuildPhase;
			buildActionMask = 2147483647;
			files = (
				7C9B0838188DB1D4001F3A4F /* XCTest.framework in Frameworks */,
				7C9B083A188DB1D4001F3A4F /* UIKit.framework in Frameworks */,
				7C9B0839188DB1D4001F3A4F /* Foundation.framework in Frameworks */,
			);
			runOnlyForDeploymentPostprocessing = 0;
		};
/* End PBXFrameworksBuildPhase section */

/* Begin PBXGroup section */
		7C9B080C188DB1D3001F3A4F = {
			isa = PBXGroup;
			children = (
				7C9B081E188DB1D3001F3A4F /* MeetMeUp */,
				7C9B083D188DB1D4001F3A4F /* MeetMeUpTests */,
				7C9B0817188DB1D3001F3A4F /* Frameworks */,
				7C9B0816188DB1D3001F3A4F /* Products */,
			);
			sourceTree = "<group>";
		};
		7C9B0816188DB1D3001F3A4F /* Products */ = {
			isa = PBXGroup;
			children = (
				7C9B0815188DB1D3001F3A4F /* MeetMeUp.app */,
				7C9B0836188DB1D4001F3A4F /* MeetMeUpTests.xctest */,
			);
			name = Products;
			sourceTree = "<group>";
		};
		7C9B0817188DB1D3001F3A4F /* Frameworks */ = {
			isa = PBXGroup;
			children = (
				7C9B0818188DB1D3001F3A4F /* Foundation.framework */,
				7C9B081A188DB1D3001F3A4F /* CoreGraphics.framework */,
				7C9B081C188DB1D3001F3A4F /* UIKit.framework */,
				7C9B0837188DB1D4001F3A4F /* XCTest.framework */,
			);
			name = Frameworks;
			sourceTree = "<group>";
		};
		7C9B081E188DB1D3001F3A4F /* MeetMeUp */ = {
			isa = PBXGroup;
			children = (
				7C9B084D188DD001001F3A4F /* DetailViewController.h */,
				7C9B084E188DD001001F3A4F /* DetailViewController.m */,
				7C9B0850188DDCAC001F3A4F /* WebViewController.h */,
				7C9B0851188DDCAC001F3A4F /* WebViewController.m */,
				7C9B0827188DB1D3001F3A4F /* AppDelegate.h */,
				7C9B0828188DB1D3001F3A4F /* AppDelegate.m */,
				7C9B082A188DB1D3001F3A4F /* Main.storyboard */,
				7C9B082D188DB1D3001F3A4F /* ViewController.h */,
				7C9B082E188DB1D3001F3A4F /* ViewController.m */,
				7C9B0830188DB1D4001F3A4F /* Images.xcassets */,
				7C9B081F188DB1D3001F3A4F /* Supporting Files */,
			);
			path = MeetMeUp;
			sourceTree = "<group>";
		};
		7C9B081F188DB1D3001F3A4F /* Supporting Files */ = {
			isa = PBXGroup;
			children = (
				7C9B0820188DB1D3001F3A4F /* MeetMeUp-Info.plist */,
				7C9B0821188DB1D3001F3A4F /* InfoPlist.strings */,
				7C9B0824188DB1D3001F3A4F /* main.m */,
				7C9B0826188DB1D3001F3A4F /* MeetMeUp-Prefix.pch */,
			);
			name = "Supporting Files";
			sourceTree = "<group>";
		};
		7C9B083D188DB1D4001F3A4F /* MeetMeUpTests */ = {
			isa = PBXGroup;
			children = (
				7C9B0843188DB1D4001F3A4F /* MeetMeUpTests.m */,
				7C9B083E188DB1D4001F3A4F /* Supporting Files */,
			);
			path = MeetMeUpTests;
			sourceTree = "<group>";
		};
		7C9B083E188DB1D4001F3A4F /* Supporting Files */ = {
			isa = PBXGroup;
			children = (
				7C9B083F188DB1D4001F3A4F /* MeetMeUpTests-Info.plist */,
				7C9B0840188DB1D4001F3A4F /* InfoPlist.strings */,
			);
			name = "Supporting Files";
			sourceTree = "<group>";
		};
/* End PBXGroup section */

/* Begin PBXNativeTarget section */
		7C9B0814188DB1D3001F3A4F /* MeetMeUp */ = {
			isa = PBXNativeTarget;
			buildConfigurationList = 7C9B0847188DB1D4001F3A4F /* Build configuration list for PBXNativeTarget "MeetMeUp" */;
			buildPhases = (
				7C9B0811188DB1D3001F3A4F /* Sources */,
				7C9B0812188DB1D3001F3A4F /* Frameworks */,
				7C9B0813188DB1D3001F3A4F /* Resources */,
			);
			buildRules = (
			);
			dependencies = (
			);
			name = MeetMeUp;
			productName = MeetMeUp;
			productReference = 7C9B0815188DB1D3001F3A4F /* MeetMeUp.app */;
			productType = "com.apple.product-type.application";
		};
		7C9B0835188DB1D4001F3A4F /* MeetMeUpTests */ = {
			isa = PBXNativeTarget;
			buildConfigurationList = 7C9B084A188DB1D4001F3A4F /* Build configuration list for PBXNativeTarget "MeetMeUpTests" */;
			buildPhases = (
				7C9B0832188DB1D4001F3A4F /* Sources */,
				7C9B0833188DB1D4001F3A4F /* Frameworks */,
				7C9B0834188DB1D4001F3A4F /* Resources */,
			);
			buildRules = (
			);
			dependencies = (
				7C9B083C188DB1D4001F3A4F /* PBXTargetDependency */,
			);
			name = MeetMeUpTests;
			productName = MeetMeUpTests;
			productReference = 7C9B0836188DB1D4001F3A4F /* MeetMeUpTests.xctest */;
			productType = "com.apple.product-type.bundle.unit-test";
		};
/* End PBXNativeTarget section */

/* Begin PBXProject section */
		7C9B080D188DB1D3001F3A4F /* Project object */ = {
			isa = PBXProject;
			attributes = {
				LastUpgradeCheck = 0500;
				ORGANIZATIONNAME = "Nicholas Petersen";
				TargetAttributes = {
					7C9B0835188DB1D4001F3A4F = {
						TestTargetID = 7C9B0814188DB1D3001F3A4F;
					};
				};
			};
			buildConfigurationList = 7C9B0810188DB1D3001F3A4F /* Build configuration list for PBXProject "MeetMeUp" */;
			compatibilityVersion = "Xcode 3.2";
			developmentRegion = English;
			hasScannedForEncodings = 0;
			knownRegions = (
				en,
				Base,
			);
			mainGroup = 7C9B080C188DB1D3001F3A4F;
			productRefGroup = 7C9B0816188DB1D3001F3A4F /* Products */;
			projectDirPath = "";
			projectRoot = "";
			targets = (
				7C9B0814188DB1D3001F3A4F /* MeetMeUp */,
				7C9B0835188DB1D4001F3A4F /* MeetMeUpTests */,
			);
		};
/* End PBXProject section */

/* Begin PBXResourcesBuildPhase section */
		7C9B0813188DB1D3001F3A4F /* Resources */ = {
			isa = PBXResourcesBuildPhase;
			buildActionMask = 2147483647;
			files = (
				7C9B0831188DB1D4001F3A4F /* Images.xcassets in Resources */,
				7C9B0823188DB1D3001F3A4F /* InfoPlist.strings in Resources */,
				7C9B082C188DB1D3001F3A4F /* Main.storyboard in Resources */,
			);
			runOnlyForDeploymentPostprocessing = 0;
		};
		7C9B0834188DB1D4001F3A4F /* Resources */ = {
			isa = PBXResourcesBuildPhase;
			buildActionMask = 2147483647;
			files = (
				7C9B0842188DB1D4001F3A4F /* InfoPlist.strings in Resources */,
			);
			runOnlyForDeploymentPostprocessing = 0;
		};
/* End PBXResourcesBuildPhase section */

/* Begin PBXSourcesBuildPhase section */
		7C9B0811188DB1D3001F3A4F /* Sources */ = {
			isa = PBXSourcesBuildPhase;
			buildActionMask = 2147483647;
			files = (
				7C9B082F188DB1D3001F3A4F /* ViewController.m in Sources */,
				7C9B0852188DDCAC001F3A4F /* WebViewController.m in Sources */,
				7C9B0829188DB1D3001F3A4F /* AppDelegate.m in Sources */,
				7C9B0825188DB1D3001F3A4F /* main.m in Sources */,
				7C9B084F188DD001001F3A4F /* DetailViewController.m in Sources */,
			);
			runOnlyForDeploymentPostprocessing = 0;
		};
		7C9B0832188DB1D4001F3A4F /* Sources */ = {
			isa = PBXSourcesBuildPhase;
			buildActionMask = 2147483647;
			files = (
				7C9B0844188DB1D4001F3A4F /* MeetMeUpTests.m in Sources */,
			);
			runOnlyForDeploymentPostprocessing = 0;
		};
/* End PBXSourcesBuildPhase section */

/* Begin PBXTargetDependency section */
		7C9B083C188DB1D4001F3A4F /* PBXTargetDependency */ = {
			isa = PBXTargetDependency;
			target = 7C9B0814188DB1D3001F3A4F /* MeetMeUp */;
			targetProxy = 7C9B083B188DB1D4001F3A4F /* PBXContainerItemProxy */;
		};
/* End PBXTargetDependency section */

/* Begin PBXVariantGroup section */
		7C9B0821188DB1D3001F3A4F /* InfoPlist.strings */ = {
			isa = PBXVariantGroup;
			children = (
				7C9B0822188DB1D3001F3A4F /* en */,
			);
			name = InfoPlist.strings;
			sourceTree = "<group>";
		};
		7C9B082A188DB1D3001F3A4F /* Main.storyboard */ = {
			isa = PBXVariantGroup;
			children = (
				7C9B082B188DB1D3001F3A4F /* Base */,
			);
			name = Main.storyboard;
			sourceTree = "<group>";
		};
		7C9B0840188DB1D4001F3A4F /* InfoPlist.strings */ = {
			isa = PBXVariantGroup;
			children = (
				7C9B0841188DB1D4001F3A4F /* en */,
			);
			name = InfoPlist.strings;
			sourceTree = "<group>";
		};
/* End PBXVariantGroup section */

/* Begin XCBuildConfiguration section */
		7C9B0845188DB1D4001F3A4F /* Debug */ = {
			isa = XCBuildConfiguration;
			buildSettings = {
				ALWAYS_SEARCH_USER_PATHS = NO;
				ARCHS = "$(ARCHS_STANDARD_INCLUDING_64_BIT)";
				CLANG_CXX_LANGUAGE_STANDARD = "gnu++0x";
				CLANG_CXX_LIBRARY = "libc++";
				CLANG_ENABLE_MODULES = YES;
				CLANG_ENABLE_OBJC_ARC = YES;
				CLANG_WARN_BOOL_CONVERSION = YES;
				CLANG_WARN_CONSTANT_CONVERSION = YES;
				CLANG_WARN_DIRECT_OBJC_ISA_USAGE = YES_ERROR;
				CLANG_WARN_EMPTY_BODY = YES;
				CLANG_WARN_ENUM_CONVERSION = YES;
				CLANG_WARN_INT_CONVERSION = YES;
				CLANG_WARN_OBJC_ROOT_CLASS = YES_ERROR;
				CLANG_WARN__DUPLICATE_METHOD_MATCH = YES;
				"CODE_SIGN_IDENTITY[sdk=iphoneos*]" = "iPhone Developer";
				COPY_PHASE_STRIP = NO;
				GCC_C_LANGUAGE_STANDARD = gnu99;
				GCC_DYNAMIC_NO_PIC = NO;
				GCC_OPTIMIZATION_LEVEL = 0;
				GCC_PREPROCESSOR_DEFINITIONS = (
					"DEBUG=1",
					"$(inherited)",
				);
				GCC_SYMBOLS_PRIVATE_EXTERN = NO;
				GCC_WARN_64_TO_32_BIT_CONVERSION = YES;
				GCC_WARN_ABOUT_RETURN_TYPE = YES_ERROR;
				GCC_WARN_UNDECLARED_SELECTOR = YES;
				GCC_WARN_UNINITIALIZED_AUTOS = YES;
				GCC_WARN_UNUSED_FUNCTION = YES;
				GCC_WARN_UNUSED_VARIABLE = YES;
				IPHONEOS_DEPLOYMENT_TARGET = 7.0;
				ONLY_ACTIVE_ARCH = YES;
				SDKROOT = iphoneos;
			};
			name = Debug;
		};
		7C9B0846188DB1D4001F3A4F /* Release */ = {
			isa = XCBuildConfiguration;
			buildSettings = {
				ALWAYS_SEARCH_USER_PATHS = NO;
				ARCHS = "$(ARCHS_STANDARD_INCLUDING_64_BIT)";
				CLANG_CXX_LANGUAGE_STANDARD = "gnu++0x";
				CLANG_CXX_LIBRARY = "libc++";
				CLANG_ENABLE_MODULES = YES;
				CLANG_ENABLE_OBJC_ARC = YES;
				CLANG_WARN_BOOL_CONVERSION = YES;
				CLANG_WARN_CONSTANT_CONVERSION = YES;
				CLANG_WARN_DIRECT_OBJC_ISA_USAGE = YES_ERROR;
				CLANG_WARN_EMPTY_BODY = YES;
				CLANG_WARN_ENUM_CONVERSION = YES;
				CLANG_WARN_INT_CONVERSION = YES;
				CLANG_WARN_OBJC_ROOT_CLASS = YES_ERROR;
				CLANG_WARN__DUPLICATE_METHOD_MATCH = YES;
				"CODE_SIGN_IDENTITY[sdk=iphoneos*]" = "iPhone Developer";
				COPY_PHASE_STRIP = YES;
				ENABLE_NS_ASSERTIONS = NO;
				GCC_C_LANGUAGE_STANDARD = gnu99;
				GCC_WARN_64_TO_32_BIT_CONVERSION = YES;
				GCC_WARN_ABOUT_RETURN_TYPE = YES_ERROR;
				GCC_WARN_UNDECLARED_SELECTOR = YES;
				GCC_WARN_UNINITIALIZED_AUTOS = YES;
				GCC_WARN_UNUSED_FUNCTION = YES;
				GCC_WARN_UNUSED_VARIABLE = YES;
				IPHONEOS_DEPLOYMENT_TARGET = 7.0;
				SDKROOT = iphoneos;
				VALIDATE_PRODUCT = YES;
			};
			name = Release;
		};
		7C9B0848188DB1D4001F3A4F /* Debug */ = {
			isa = XCBuildConfiguration;
			buildSettings = {
				ASSETCATALOG_COMPILER_APPICON_NAME = AppIcon;
				ASSETCATALOG_COMPILER_LAUNCHIMAGE_NAME = LaunchImage;
				GCC_PRECOMPILE_PREFIX_HEADER = YES;
				GCC_PREFIX_HEADER = "MeetMeUp/MeetMeUp-Prefix.pch";
				INFOPLIST_FILE = "MeetMeUp/MeetMeUp-Info.plist";
				PRODUCT_NAME = "$(TARGET_NAME)";
				WRAPPER_EXTENSION = app;
			};
			name = Debug;
		};
		7C9B0849188DB1D4001F3A4F /* Release */ = {
			isa = XCBuildConfiguration;
			buildSettings = {
				ASSETCATALOG_COMPILER_APPICON_NAME = AppIcon;
				ASSETCATALOG_COMPILER_LAUNCHIMAGE_NAME = LaunchImage;
				GCC_PRECOMPILE_PREFIX_HEADER = YES;
				GCC_PREFIX_HEADER = "MeetMeUp/MeetMeUp-Prefix.pch";
				INFOPLIST_FILE = "MeetMeUp/MeetMeUp-Info.plist";
				PRODUCT_NAME = "$(TARGET_NAME)";
				WRAPPER_EXTENSION = app;
			};
			name = Release;
		};
		7C9B084B188DB1D4001F3A4F /* Debug */ = {
			isa = XCBuildConfiguration;
			buildSettings = {
				ARCHS = "$(ARCHS_STANDARD_INCLUDING_64_BIT)";
				BUNDLE_LOADER = "$(BUILT_PRODUCTS_DIR)/MeetMeUp.app/MeetMeUp";
				FRAMEWORK_SEARCH_PATHS = (
					"$(SDKROOT)/Developer/Library/Frameworks",
					"$(inherited)",
					"$(DEVELOPER_FRAMEWORKS_DIR)",
				);
				GCC_PRECOMPILE_PREFIX_HEADER = YES;
				GCC_PREFIX_HEADER = "MeetMeUp/MeetMeUp-Prefix.pch";
				GCC_PREPROCESSOR_DEFINITIONS = (
					"DEBUG=1",
					"$(inherited)",
				);
				INFOPLIST_FILE = "MeetMeUpTests/MeetMeUpTests-Info.plist";
				PRODUCT_NAME = "$(TARGET_NAME)";
				TEST_HOST = "$(BUNDLE_LOADER)";
				WRAPPER_EXTENSION = xctest;
			};
			name = Debug;
		};
		7C9B084C188DB1D4001F3A4F /* Release */ = {
			isa = XCBuildConfiguration;
			buildSettings = {
				ARCHS = "$(ARCHS_STANDARD_INCLUDING_64_BIT)";
				BUNDLE_LOADER = "$(BUILT_PRODUCTS_DIR)/MeetMeUp.app/MeetMeUp";
				FRAMEWORK_SEARCH_PATHS = (
					"$(SDKROOT)/Developer/Library/Frameworks",
					"$(inherited)",
					"$(DEVELOPER_FRAMEWORKS_DIR)",
				);
				GCC_PRECOMPILE_PREFIX_HEADER = YES;
				GCC_PREFIX_HEADER = "MeetMeUp/MeetMeUp-Prefix.pch";
				INFOPLIST_FILE = "MeetMeUpTests/MeetMeUpTests-Info.plist";
				PRODUCT_NAME = "$(TARGET_NAME)";
				TEST_HOST = "$(BUNDLE_LOADER)";
				WRAPPER_EXTENSION = xctest;
			};
			name = Release;
		};
/* End XCBuildConfiguration section */

/* Begin XCConfigurationList section */
		7C9B0810188DB1D3001F3A4F /* Build configuration list for PBXProject "MeetMeUp" */ = {
			isa = XCConfigurationList;
			buildConfigurations = (
				7C9B0845188DB1D4001F3A4F /* Debug */,
				7C9B0846188DB1D4001F3A4F /* Release */,
			);
			defaultConfigurationIsVisible = 0;
			defaultConfigurationName = Release;
		};
		7C9B0847188DB1D4001F3A4F /* Build configuration list for PBXNativeTarget "MeetMeUp" */ = {
			isa = XCConfigurationList;
			buildConfigurations = (
				7C9B0848188DB1D4001F3A4F /* Debug */,
				7C9B0849188DB1D4001F3A4F /* Release */,
			);
			defaultConfigurationIsVisible = 0;
		};
		7C9B084A188DB1D4001F3A4F /* Build configuration list for PBXNativeTarget "MeetMeUpTests" */ = {
			isa = XCConfigurationList;
			buildConfigurations = (
				7C9B084B188DB1D4001F3A4F /* Debug */,
				7C9B084C188DB1D4001F3A4F /* Release */,
			);
			defaultConfigurationIsVisible = 0;
		};
/* End XCConfigurationList section */
	};
	rootObject = 7C9B080D188DB1D3001F3A4F /* Project object */;
}
